
Microsoft Visual Studio Solution File, Format Version 11.00
# Visual Studio 2010
Project("{FAE04EC0-301F-11D3-BF4B-00C04F79EFBC}") = "Platformer", "Platformer\Platformer.csproj", "{0AA16517-4578-4C48-9A14-843A76E0801D}"
EndProject
Project("{FAE04EC0-301F-11D3-BF4B-00C04F79EFBC}") = "PhysicsEngine", "PhysicsEngine\PhysicsEngine.csproj", "{B59F5AED-650D-4485-84CE-CD5DCFB3C2A8}"
EndProject
Project("{FAE04EC0-301F-11D3-BF4B-00C04F79EFBC}") = "TileEngine", "TileEngine\TileEngine.csproj", "{2F7979D2-3B48-48FC-8294-7BDD7F811A54}"
EndProject
Project("{FAE04EC0-301F-11D3-BF4B-00C04F79EFBC}") = "PlatformerContent", "PlatformerContent\PlatformerContent\PlatformerContent.csproj", "{23CDB5E1-AEF5-43FD-A0AA-B0C59A54985F}"
EndProject
Project("{FAE04EC0-301F-11D3-BF4B-00C04F79EFBC}") = "PlatformerContentContent", "PlatformerContent\PlatformerContentContent\PlatformerContentContent.contentproj", "{DCFC53C6-EE42-41D1-A642-420CFC140528}"
EndProject
Project("{FAE04EC0-301F-11D3-BF4B-00C04F79EFBC}") = "OpenGLPlatformer", "TESTESTEST\OpenGLPlatformer.csproj", "{E72DC2C5-DE14-4195-A8DE-DB7A5A5D0E17}"
EndProject
Project("{FAE04EC0-301F-11D3-BF4B-00C04F79EFBC}") = "OpenGLPlatformerContent", "OpenGLPlatformerContent\OpenGLPlatformerContent\OpenGLPlatformerContent.csproj", "{9144F4A8-FEB8-4E82-A9F9-D5E6D4A51E84}"
EndProject
Project("{96E2B04D-8817-42C6-938A-82C39BA4D311}") = "OpenGLPlatformerContentContent", "OpenGLPlatformerContent\OpenGLPlatformerContentContent\OpenGLPlatformerContentContent.contentproj", "{E7ECC28E-B499-4B0D-8E8F-EA49B95E1DC0}"
EndProject
Project("{FAE04EC0-301F-11D3-BF4B-00C04F79EFBC}") = "MonoGameLinuxSpecifics", "MonoGameLinuxSpecifics\MonoGameLinuxSpecifics.csproj", "{7AD383D7-C8DC-46C9-8BA3-A1EF5ABE758C}"
EndProject
Global
	GlobalSection(SolutionConfigurationPlatforms) = preSolution
		Android|Any CPU = Android|Any CPU
		Android|Mixed Platforms = Android|Mixed Platforms
		Android|x86 = Android|x86
		Debug|Any CPU = Debug|Any CPU
		Debug|Mixed Platforms = Debug|Mixed Platforms
		Debug|x86 = Debug|x86
		iOS|Any CPU = iOS|Any CPU
		iOS|Mixed Platforms = iOS|Mixed Platforms
		iOS|x86 = iOS|x86
		Linux|Any CPU = Linux|Any CPU
		Linux|Mixed Platforms = Linux|Mixed Platforms
		Linux|x86 = Linux|x86
		OSX|Any CPU = OSX|Any CPU
		OSX|Mixed Platforms = OSX|Mixed Platforms
		OSX|x86 = OSX|x86
		PSM|Any CPU = PSM|Any CPU
		PSM|Mixed Platforms = PSM|Mixed Platforms
		PSM|x86 = PSM|x86
		Release|Any CPU = Release|Any CPU
		Release|Mixed Platforms = Release|Mixed Platforms
		Release|x86 = Release|x86
		Windows|Any CPU = Windows|Any CPU
		Windows|Mixed Platforms = Windows|Mixed Platforms
		Windows|x86 = Windows|x86
		Windows8|Any CPU = Windows8|Any CPU
		Windows8|Mixed Platforms = Windows8|Mixed Platforms
		Windows8|x86 = Windows8|x86
	EndGlobalSection
	GlobalSection(ProjectConfigurationPlatforms) = postSolution
		{0AA16517-4578-4C48-9A14-843A76E0801D}.Android|Any CPU.ActiveCfg = Release|x86
		{0AA16517-4578-4C48-9A14-843A76E0801D}.Android|Mixed Platforms.ActiveCfg = Release|x86
		{0AA16517-4578-4C48-9A14-843A76E0801D}.Android|Mixed Platforms.Build.0 = Release|x86
		{0AA16517-4578-4C48-9A14-843A76E0801D}.Android|x86.ActiveCfg = Release|x86
		{0AA16517-4578-4C48-9A14-843A76E0801D}.Android|x86.Build.0 = Release|x86
		{0AA16517-4578-4C48-9A14-843A76E0801D}.Debug|Any CPU.ActiveCfg = Debug|x86
		{0AA16517-4578-4C48-9A14-843A76E0801D}.Debug|Mixed Platforms.ActiveCfg = Debug|x86
		{0AA16517-4578-4C48-9A14-843A76E0801D}.Debug|Mixed Platforms.Build.0 = Debug|x86
		{0AA16517-4578-4C48-9A14-843A76E0801D}.Debug|x86.ActiveCfg = Debug|x86
		{0AA16517-4578-4C48-9A14-843A76E0801D}.Debug|x86.Build.0 = Debug|x86
		{0AA16517-4578-4C48-9A14-843A76E0801D}.iOS|Any CPU.ActiveCfg = Release|x86
		{0AA16517-4578-4C48-9A14-843A76E0801D}.iOS|Mixed Platforms.ActiveCfg = Release|x86
		{0AA16517-4578-4C48-9A14-843A76E0801D}.iOS|Mixed Platforms.Build.0 = Release|x86
		{0AA16517-4578-4C48-9A14-843A76E0801D}.iOS|x86.ActiveCfg = Release|x86
		{0AA16517-4578-4C48-9A14-843A76E0801D}.iOS|x86.Build.0 = Release|x86
		{0AA16517-4578-4C48-9A14-843A76E0801D}.Linux|Any CPU.ActiveCfg = Release|x86
		{0AA16517-4578-4C48-9A14-843A76E0801D}.Linux|Mixed Platforms.ActiveCfg = Release|x86
		{0AA16517-4578-4C48-9A14-843A76E0801D}.Linux|Mixed Platforms.Build.0 = Release|x86
		{0AA16517-4578-4C48-9A14-843A76E0801D}.Linux|x86.ActiveCfg = Release|x86
		{0AA16517-4578-4C48-9A14-843A76E0801D}.Linux|x86.Build.0 = Release|x86
		{0AA16517-4578-4C48-9A14-843A76E0801D}.OSX|Any CPU.ActiveCfg = Release|x86
		{0AA16517-4578-4C48-9A14-843A76E0801D}.OSX|Mixed Platforms.ActiveCfg = Release|x86
		{0AA16517-4578-4C48-9A14-843A76E0801D}.OSX|Mixed Platforms.Build.0 = Release|x86
		{0AA16517-4578-4C48-9A14-843A76E0801D}.OSX|x86.ActiveCfg = Release|x86
		{0AA16517-4578-4C48-9A14-843A76E0801D}.OSX|x86.Build.0 = Release|x86
		{0AA16517-4578-4C48-9A14-843A76E0801D}.PSM|Any CPU.ActiveCfg = Release|x86
		{0AA16517-4578-4C48-9A14-843A76E0801D}.PSM|Mixed Platforms.ActiveCfg = Release|x86
		{0AA16517-4578-4C48-9A14-843A76E0801D}.PSM|Mixed Platforms.Build.0 = Release|x86
		{0AA16517-4578-4C48-9A14-843A76E0801D}.PSM|x86.ActiveCfg = Release|x86
		{0AA16517-4578-4C48-9A14-843A76E0801D}.PSM|x86.Build.0 = Release|x86
		{0AA16517-4578-4C48-9A14-843A76E0801D}.Release|Any CPU.ActiveCfg = Release|x86
		{0AA16517-4578-4C48-9A14-843A76E0801D}.Release|Mixed Platforms.ActiveCfg = Release|x86
		{0AA16517-4578-4C48-9A14-843A76E0801D}.Release|Mixed Platforms.Build.0 = Release|x86
		{0AA16517-4578-4C48-9A14-843A76E0801D}.Release|x86.ActiveCfg = Release|x86
		{0AA16517-4578-4C48-9A14-843A76E0801D}.Release|x86.Build.0 = Release|x86
		{0AA16517-4578-4C48-9A14-843A76E0801D}.Windows|Any CPU.ActiveCfg = Release|x86
		{0AA16517-4578-4C48-9A14-843A76E0801D}.Windows|Mixed Platforms.ActiveCfg = Release|x86
		{0AA16517-4578-4C48-9A14-843A76E0801D}.Windows|Mixed Platforms.Build.0 = Release|x86
		{0AA16517-4578-4C48-9A14-843A76E0801D}.Windows|x86.ActiveCfg = Release|x86
		{0AA16517-4578-4C48-9A14-843A76E0801D}.Windows|x86.Build.0 = Release|x86
		{0AA16517-4578-4C48-9A14-843A76E0801D}.Windows8|Any CPU.ActiveCfg = Release|x86
		{0AA16517-4578-4C48-9A14-843A76E0801D}.Windows8|Mixed Platforms.ActiveCfg = Release|x86
		{0AA16517-4578-4C48-9A14-843A76E0801D}.Windows8|Mixed Platforms.Build.0 = Release|x86
		{0AA16517-4578-4C48-9A14-843A76E0801D}.Windows8|x86.ActiveCfg = Release|x86
		{0AA16517-4578-4C48-9A14-843A76E0801D}.Windows8|x86.Build.0 = Release|x86
		{B59F5AED-650D-4485-84CE-CD5DCFB3C2A8}.Android|Any CPU.ActiveCfg = Release|x86
		{B59F5AED-650D-4485-84CE-CD5DCFB3C2A8}.Android|Mixed Platforms.ActiveCfg = Release|x86
		{B59F5AED-650D-4485-84CE-CD5DCFB3C2A8}.Android|Mixed Platforms.Build.0 = Release|x86
		{B59F5AED-650D-4485-84CE-CD5DCFB3C2A8}.Android|x86.ActiveCfg = Release|x86
		{B59F5AED-650D-4485-84CE-CD5DCFB3C2A8}.Android|x86.Build.0 = Release|x86
		{B59F5AED-650D-4485-84CE-CD5DCFB3C2A8}.Debug|Any CPU.ActiveCfg = Debug|x86
		{B59F5AED-650D-4485-84CE-CD5DCFB3C2A8}.Debug|Mixed Platforms.ActiveCfg = Debug|x86
		{B59F5AED-650D-4485-84CE-CD5DCFB3C2A8}.Debug|Mixed Platforms.Build.0 = Debug|x86
		{B59F5AED-650D-4485-84CE-CD5DCFB3C2A8}.Debug|x86.ActiveCfg = Debug|x86
		{B59F5AED-650D-4485-84CE-CD5DCFB3C2A8}.Debug|x86.Build.0 = Debug|x86
		{B59F5AED-650D-4485-84CE-CD5DCFB3C2A8}.iOS|Any CPU.ActiveCfg = Release|x86
		{B59F5AED-650D-4485-84CE-CD5DCFB3C2A8}.iOS|Mixed Platforms.ActiveCfg = Release|x86
		{B59F5AED-650D-4485-84CE-CD5DCFB3C2A8}.iOS|Mixed Platforms.Build.0 = Release|x86
		{B59F5AED-650D-4485-84CE-CD5DCFB3C2A8}.iOS|x86.ActiveCfg = Release|x86
		{B59F5AED-650D-4485-84CE-CD5DCFB3C2A8}.iOS|x86.Build.0 = Release|x86
		{B59F5AED-650D-4485-84CE-CD5DCFB3C2A8}.Linux|Any CPU.ActiveCfg = Release|x86
		{B59F5AED-650D-4485-84CE-CD5DCFB3C2A8}.Linux|Mixed Platforms.ActiveCfg = Release|x86
		{B59F5AED-650D-4485-84CE-CD5DCFB3C2A8}.Linux|Mixed Platforms.Build.0 = Release|x86
		{B59F5AED-650D-4485-84CE-CD5DCFB3C2A8}.Linux|x86.ActiveCfg = Release|x86
		{B59F5AED-650D-4485-84CE-CD5DCFB3C2A8}.Linux|x86.Build.0 = Release|x86
		{B59F5AED-650D-4485-84CE-CD5DCFB3C2A8}.OSX|Any CPU.ActiveCfg = Release|x86
		{B59F5AED-650D-4485-84CE-CD5DCFB3C2A8}.OSX|Mixed Platforms.ActiveCfg = Release|x86
		{B59F5AED-650D-4485-84CE-CD5DCFB3C2A8}.OSX|Mixed Platforms.Build.0 = Release|x86
		{B59F5AED-650D-4485-84CE-CD5DCFB3C2A8}.OSX|x86.ActiveCfg = Release|x86
		{B59F5AED-650D-4485-84CE-CD5DCFB3C2A8}.OSX|x86.Build.0 = Release|x86
		{B59F5AED-650D-4485-84CE-CD5DCFB3C2A8}.PSM|Any CPU.ActiveCfg = Release|x86
		{B59F5AED-650D-4485-84CE-CD5DCFB3C2A8}.PSM|Mixed Platforms.ActiveCfg = Release|x86
		{B59F5AED-650D-4485-84CE-CD5DCFB3C2A8}.PSM|Mixed Platforms.Build.0 = Release|x86
		{B59F5AED-650D-4485-84CE-CD5DCFB3C2A8}.PSM|x86.ActiveCfg = Release|x86
		{B59F5AED-650D-4485-84CE-CD5DCFB3C2A8}.PSM|x86.Build.0 = Release|x86
		{B59F5AED-650D-4485-84CE-CD5DCFB3C2A8}.Release|Any CPU.ActiveCfg = Release|x86
		{B59F5AED-650D-4485-84CE-CD5DCFB3C2A8}.Release|Mixed Platforms.ActiveCfg = Release|x86
		{B59F5AED-650D-4485-84CE-CD5DCFB3C2A8}.Release|Mixed Platforms.Build.0 = Release|x86
		{B59F5AED-650D-4485-84CE-CD5DCFB3C2A8}.Release|x86.ActiveCfg = Release|x86
		{B59F5AED-650D-4485-84CE-CD5DCFB3C2A8}.Release|x86.Build.0 = Release|x86
		{B59F5AED-650D-4485-84CE-CD5DCFB3C2A8}.Windows|Any CPU.ActiveCfg = Release|x86
		{B59F5AED-650D-4485-84CE-CD5DCFB3C2A8}.Windows|Mixed Platforms.ActiveCfg = Release|x86
		{B59F5AED-650D-4485-84CE-CD5DCFB3C2A8}.Windows|Mixed Platforms.Build.0 = Release|x86
		{B59F5AED-650D-4485-84CE-CD5DCFB3C2A8}.Windows|x86.ActiveCfg = Release|x86
		{B59F5AED-650D-4485-84CE-CD5DCFB3C2A8}.Windows|x86.Build.0 = Release|x86
		{B59F5AED-650D-4485-84CE-CD5DCFB3C2A8}.Windows8|Any CPU.ActiveCfg = Release|x86
		{B59F5AED-650D-4485-84CE-CD5DCFB3C2A8}.Windows8|Mixed Platforms.ActiveCfg = Release|x86
		{B59F5AED-650D-4485-84CE-CD5DCFB3C2A8}.Windows8|Mixed Platforms.Build.0 = Release|x86
		{B59F5AED-650D-4485-84CE-CD5DCFB3C2A8}.Windows8|x86.ActiveCfg = Release|x86
		{B59F5AED-650D-4485-84CE-CD5DCFB3C2A8}.Windows8|x86.Build.0 = Release|x86
		{2F7979D2-3B48-48FC-8294-7BDD7F811A54}.Android|Any CPU.ActiveCfg = Release|x86
		{2F7979D2-3B48-48FC-8294-7BDD7F811A54}.Android|Mixed Platforms.ActiveCfg = Release|x86
		{2F7979D2-3B48-48FC-8294-7BDD7F811A54}.Android|Mixed Platforms.Build.0 = Release|x86
		{2F7979D2-3B48-48FC-8294-7BDD7F811A54}.Android|x86.ActiveCfg = Release|x86
		{2F7979D2-3B48-48FC-8294-7BDD7F811A54}.Android|x86.Build.0 = Release|x86
		{2F7979D2-3B48-48FC-8294-7BDD7F811A54}.Debug|Any CPU.ActiveCfg = Debug|x86
		{2F7979D2-3B48-48FC-8294-7BDD7F811A54}.Debug|Mixed Platforms.ActiveCfg = Debug|x86
		{2F7979D2-3B48-48FC-8294-7BDD7F811A54}.Debug|Mixed Platforms.Build.0 = Debug|x86
		{2F7979D2-3B48-48FC-8294-7BDD7F811A54}.Debug|x86.ActiveCfg = Debug|x86
		{2F7979D2-3B48-48FC-8294-7BDD7F811A54}.Debug|x86.Build.0 = Debug|x86
		{2F7979D2-3B48-48FC-8294-7BDD7F811A54}.iOS|Any CPU.ActiveCfg = Release|x86
		{2F7979D2-3B48-48FC-8294-7BDD7F811A54}.iOS|Mixed Platforms.ActiveCfg = Release|x86
		{2F7979D2-3B48-48FC-8294-7BDD7F811A54}.iOS|Mixed Platforms.Build.0 = Release|x86
		{2F7979D2-3B48-48FC-8294-7BDD7F811A54}.iOS|x86.ActiveCfg = Release|x86
		{2F7979D2-3B48-48FC-8294-7BDD7F811A54}.iOS|x86.Build.0 = Release|x86
		{2F7979D2-3B48-48FC-8294-7BDD7F811A54}.Linux|Any CPU.ActiveCfg = Release|x86
		{2F7979D2-3B48-48FC-8294-7BDD7F811A54}.Linux|Mixed Platforms.ActiveCfg = Release|x86
		{2F7979D2-3B48-48FC-8294-7BDD7F811A54}.Linux|Mixed Platforms.Build.0 = Release|x86
		{2F7979D2-3B48-48FC-8294-7BDD7F811A54}.Linux|x86.ActiveCfg = Release|x86
		{2F7979D2-3B48-48FC-8294-7BDD7F811A54}.Linux|x86.Build.0 = Release|x86
		{2F7979D2-3B48-48FC-8294-7BDD7F811A54}.OSX|Any CPU.ActiveCfg = Release|x86
		{2F7979D2-3B48-48FC-8294-7BDD7F811A54}.OSX|Mixed Platforms.ActiveCfg = Release|x86
		{2F7979D2-3B48-48FC-8294-7BDD7F811A54}.OSX|Mixed Platforms.Build.0 = Release|x86
		{2F7979D2-3B48-48FC-8294-7BDD7F811A54}.OSX|x86.ActiveCfg = Release|x86
		{2F7979D2-3B48-48FC-8294-7BDD7F811A54}.OSX|x86.Build.0 = Release|x86
		{2F7979D2-3B48-48FC-8294-7BDD7F811A54}.PSM|Any CPU.ActiveCfg = Release|x86
		{2F7979D2-3B48-48FC-8294-7BDD7F811A54}.PSM|Mixed Platforms.ActiveCfg = Release|x86
		{2F7979D2-3B48-48FC-8294-7BDD7F811A54}.PSM|Mixed Platforms.Build.0 = Release|x86
		{2F7979D2-3B48-48FC-8294-7BDD7F811A54}.PSM|x86.ActiveCfg = Release|x86
		{2F7979D2-3B48-48FC-8294-7BDD7F811A54}.PSM|x86.Build.0 = Release|x86
		{2F7979D2-3B48-48FC-8294-7BDD7F811A54}.Release|Any CPU.ActiveCfg = Release|x86
		{2F7979D2-3B48-48FC-8294-7BDD7F811A54}.Release|Mixed Platforms.ActiveCfg = Release|x86
		{2F7979D2-3B48-48FC-8294-7BDD7F811A54}.Release|Mixed Platforms.Build.0 = Release|x86
		{2F7979D2-3B48-48FC-8294-7BDD7F811A54}.Release|x86.ActiveCfg = Release|x86
		{2F7979D2-3B48-48FC-8294-7BDD7F811A54}.Release|x86.Build.0 = Release|x86
		{2F7979D2-3B48-48FC-8294-7BDD7F811A54}.Windows|Any CPU.ActiveCfg = Release|x86
		{2F7979D2-3B48-48FC-8294-7BDD7F811A54}.Windows|Mixed Platforms.ActiveCfg = Release|x86
		{2F7979D2-3B48-48FC-8294-7BDD7F811A54}.Windows|Mixed Platforms.Build.0 = Release|x86
		{2F7979D2-3B48-48FC-8294-7BDD7F811A54}.Windows|x86.ActiveCfg = Release|x86
		{2F7979D2-3B48-48FC-8294-7BDD7F811A54}.Windows|x86.Build.0 = Release|x86
		{2F7979D2-3B48-48FC-8294-7BDD7F811A54}.Windows8|Any CPU.ActiveCfg = Release|x86
		{2F7979D2-3B48-48FC-8294-7BDD7F811A54}.Windows8|Mixed Platforms.ActiveCfg = Release|x86
		{2F7979D2-3B48-48FC-8294-7BDD7F811A54}.Windows8|Mixed Platforms.Build.0 = Release|x86
		{2F7979D2-3B48-48FC-8294-7BDD7F811A54}.Windows8|x86.ActiveCfg = Release|x86
		{2F7979D2-3B48-48FC-8294-7BDD7F811A54}.Windows8|x86.Build.0 = Release|x86
		{23CDB5E1-AEF5-43FD-A0AA-B0C59A54985F}.Android|Any CPU.ActiveCfg = Android|Any CPU
		{23CDB5E1-AEF5-43FD-A0AA-B0C59A54985F}.Android|Any CPU.Build.0 = Android|Any CPU
		{23CDB5E1-AEF5-43FD-A0AA-B0C59A54985F}.Android|Mixed Platforms.ActiveCfg = Android|Any CPU
		{23CDB5E1-AEF5-43FD-A0AA-B0C59A54985F}.Android|Mixed Platforms.Build.0 = Android|Any CPU
		{23CDB5E1-AEF5-43FD-A0AA-B0C59A54985F}.Android|x86.ActiveCfg = Android|Any CPU
		{23CDB5E1-AEF5-43FD-A0AA-B0C59A54985F}.Debug|Any CPU.ActiveCfg = PSM|Any CPU
		{23CDB5E1-AEF5-43FD-A0AA-B0C59A54985F}.Debug|Any CPU.Build.0 = PSM|Any CPU
		{23CDB5E1-AEF5-43FD-A0AA-B0C59A54985F}.Debug|Mixed Platforms.ActiveCfg = PSM|Any CPU
		{23CDB5E1-AEF5-43FD-A0AA-B0C59A54985F}.Debug|Mixed Platforms.Build.0 = PSM|Any CPU
		{23CDB5E1-AEF5-43FD-A0AA-B0C59A54985F}.Debug|x86.ActiveCfg = PSM|Any CPU
		{23CDB5E1-AEF5-43FD-A0AA-B0C59A54985F}.iOS|Any CPU.ActiveCfg = iOS|Any CPU
		{23CDB5E1-AEF5-43FD-A0AA-B0C59A54985F}.iOS|Any CPU.Build.0 = iOS|Any CPU
		{23CDB5E1-AEF5-43FD-A0AA-B0C59A54985F}.iOS|Mixed Platforms.ActiveCfg = iOS|Any CPU
		{23CDB5E1-AEF5-43FD-A0AA-B0C59A54985F}.iOS|Mixed Platforms.Build.0 = iOS|Any CPU
		{23CDB5E1-AEF5-43FD-A0AA-B0C59A54985F}.iOS|x86.ActiveCfg = iOS|Any CPU
		{23CDB5E1-AEF5-43FD-A0AA-B0C59A54985F}.Linux|Any CPU.ActiveCfg = Linux|Any CPU
		{23CDB5E1-AEF5-43FD-A0AA-B0C59A54985F}.Linux|Any CPU.Build.0 = Linux|Any CPU
		{23CDB5E1-AEF5-43FD-A0AA-B0C59A54985F}.Linux|Mixed Platforms.ActiveCfg = Linux|Any CPU
		{23CDB5E1-AEF5-43FD-A0AA-B0C59A54985F}.Linux|Mixed Platforms.Build.0 = Linux|Any CPU
		{23CDB5E1-AEF5-43FD-A0AA-B0C59A54985F}.Linux|x86.ActiveCfg = Linux|Any CPU
		{23CDB5E1-AEF5-43FD-A0AA-B0C59A54985F}.OSX|Any CPU.ActiveCfg = OSX|Any CPU
		{23CDB5E1-AEF5-43FD-A0AA-B0C59A54985F}.OSX|Any CPU.Build.0 = OSX|Any CPU
		{23CDB5E1-AEF5-43FD-A0AA-B0C59A54985F}.OSX|Mixed Platforms.ActiveCfg = OSX|Any CPU
		{23CDB5E1-AEF5-43FD-A0AA-B0C59A54985F}.OSX|Mixed Platforms.Build.0 = OSX|Any CPU
		{23CDB5E1-AEF5-43FD-A0AA-B0C59A54985F}.OSX|x86.ActiveCfg = OSX|Any CPU
		{23CDB5E1-AEF5-43FD-A0AA-B0C59A54985F}.PSM|Any CPU.ActiveCfg = PSM|Any CPU
		{23CDB5E1-AEF5-43FD-A0AA-B0C59A54985F}.PSM|Any CPU.Build.0 = PSM|Any CPU
		{23CDB5E1-AEF5-43FD-A0AA-B0C59A54985F}.PSM|Mixed Platforms.ActiveCfg = PSM|Any CPU
		{23CDB5E1-AEF5-43FD-A0AA-B0C59A54985F}.PSM|Mixed Platforms.Build.0 = PSM|Any CPU
		{23CDB5E1-AEF5-43FD-A0AA-B0C59A54985F}.PSM|x86.ActiveCfg = PSM|Any CPU
		{23CDB5E1-AEF5-43FD-A0AA-B0C59A54985F}.Release|Any CPU.ActiveCfg = PSM|Any CPU
		{23CDB5E1-AEF5-43FD-A0AA-B0C59A54985F}.Release|Any CPU.Build.0 = PSM|Any CPU
		{23CDB5E1-AEF5-43FD-A0AA-B0C59A54985F}.Release|Mixed Platforms.ActiveCfg = PSM|Any CPU
		{23CDB5E1-AEF5-43FD-A0AA-B0C59A54985F}.Release|Mixed Platforms.Build.0 = PSM|Any CPU
		{23CDB5E1-AEF5-43FD-A0AA-B0C59A54985F}.Release|x86.ActiveCfg = PSM|Any CPU
		{23CDB5E1-AEF5-43FD-A0AA-B0C59A54985F}.Windows|Any CPU.ActiveCfg = Windows|Any CPU
		{23CDB5E1-AEF5-43FD-A0AA-B0C59A54985F}.Windows|Any CPU.Build.0 = Windows|Any CPU
		{23CDB5E1-AEF5-43FD-A0AA-B0C59A54985F}.Windows|Mixed Platforms.ActiveCfg = Windows|Any CPU
		{23CDB5E1-AEF5-43FD-A0AA-B0C59A54985F}.Windows|Mixed Platforms.Build.0 = Windows|Any CPU
		{23CDB5E1-AEF5-43FD-A0AA-B0C59A54985F}.Windows|x86.ActiveCfg = Windows|Any CPU
		{23CDB5E1-AEF5-43FD-A0AA-B0C59A54985F}.Windows8|Any CPU.ActiveCfg = Windows8|Any CPU
		{23CDB5E1-AEF5-43FD-A0AA-B0C59A54985F}.Windows8|Any CPU.Build.0 = Windows8|Any CPU
		{23CDB5E1-AEF5-43FD-A0AA-B0C59A54985F}.Windows8|Mixed Platforms.ActiveCfg = Windows8|Any CPU
		{23CDB5E1-AEF5-43FD-A0AA-B0C59A54985F}.Windows8|Mixed Platforms.Build.0 = Windows8|Any CPU
		{23CDB5E1-AEF5-43FD-A0AA-B0C59A54985F}.Windows8|x86.ActiveCfg = Windows8|Any CPU
		{DCFC53C6-EE42-41D1-A642-420CFC140528}.Android|Any CPU.ActiveCfg = Android|Any CPU
		{DCFC53C6-EE42-41D1-A642-420CFC140528}.Android|Mixed Platforms.ActiveCfg = Android|Any CPU
		{DCFC53C6-EE42-41D1-A642-420CFC140528}.Android|x86.ActiveCfg = Android|Any CPU
		{DCFC53C6-EE42-41D1-A642-420CFC140528}.Debug|Any CPU.ActiveCfg = PSM|Any CPU
		{DCFC53C6-EE42-41D1-A642-420CFC140528}.Debug|Mixed Platforms.ActiveCfg = PSM|Any CPU
		{DCFC53C6-EE42-41D1-A642-420CFC140528}.Debug|x86.ActiveCfg = PSM|Any CPU
		{DCFC53C6-EE42-41D1-A642-420CFC140528}.iOS|Any CPU.ActiveCfg = iOS|Any CPU
		{DCFC53C6-EE42-41D1-A642-420CFC140528}.iOS|Mixed Platforms.ActiveCfg = iOS|Any CPU
		{DCFC53C6-EE42-41D1-A642-420CFC140528}.iOS|x86.ActiveCfg = iOS|Any CPU
		{DCFC53C6-EE42-41D1-A642-420CFC140528}.Linux|Any CPU.ActiveCfg = Linux|Any CPU
		{DCFC53C6-EE42-41D1-A642-420CFC140528}.Linux|Mixed Platforms.ActiveCfg = Linux|Any CPU
		{DCFC53C6-EE42-41D1-A642-420CFC140528}.Linux|x86.ActiveCfg = Linux|Any CPU
		{DCFC53C6-EE42-41D1-A642-420CFC140528}.OSX|Any CPU.ActiveCfg = OSX|Any CPU
		{DCFC53C6-EE42-41D1-A642-420CFC140528}.OSX|Mixed Platforms.ActiveCfg = OSX|Any CPU
		{DCFC53C6-EE42-41D1-A642-420CFC140528}.OSX|x86.ActiveCfg = OSX|Any CPU
		{DCFC53C6-EE42-41D1-A642-420CFC140528}.PSM|Any CPU.ActiveCfg = PSM|Any CPU
		{DCFC53C6-EE42-41D1-A642-420CFC140528}.PSM|Mixed Platforms.ActiveCfg = PSM|Any CPU
		{DCFC53C6-EE42-41D1-A642-420CFC140528}.PSM|x86.ActiveCfg = PSM|Any CPU
		{DCFC53C6-EE42-41D1-A642-420CFC140528}.Release|Any CPU.ActiveCfg = PSM|Any CPU
		{DCFC53C6-EE42-41D1-A642-420CFC140528}.Release|Mixed Platforms.ActiveCfg = PSM|Any CPU
		{DCFC53C6-EE42-41D1-A642-420CFC140528}.Release|x86.ActiveCfg = PSM|Any CPU
		{DCFC53C6-EE42-41D1-A642-420CFC140528}.Windows|Any CPU.ActiveCfg = Windows|Any CPU
		{DCFC53C6-EE42-41D1-A642-420CFC140528}.Windows|Mixed Platforms.ActiveCfg = Windows|Any CPU
		{DCFC53C6-EE42-41D1-A642-420CFC140528}.Windows|x86.ActiveCfg = Windows|Any CPU
		{DCFC53C6-EE42-41D1-A642-420CFC140528}.Windows8|Any CPU.ActiveCfg = Windows8|Any CPU
		{DCFC53C6-EE42-41D1-A642-420CFC140528}.Windows8|Mixed Platforms.ActiveCfg = Windows8|Any CPU
		{DCFC53C6-EE42-41D1-A642-420CFC140528}.Windows8|x86.ActiveCfg = Windows8|Any CPU
		{E72DC2C5-DE14-4195-A8DE-DB7A5A5D0E17}.Android|Any CPU.ActiveCfg = Release|x86
		{E72DC2C5-DE14-4195-A8DE-DB7A5A5D0E17}.Android|Mixed Platforms.ActiveCfg = Release|x86
		{E72DC2C5-DE14-4195-A8DE-DB7A5A5D0E17}.Android|Mixed Platforms.Build.0 = Release|x86
		{E72DC2C5-DE14-4195-A8DE-DB7A5A5D0E17}.Android|x86.ActiveCfg = Release|x86
		{E72DC2C5-DE14-4195-A8DE-DB7A5A5D0E17}.Android|x86.Build.0 = Release|x86
		{E72DC2C5-DE14-4195-A8DE-DB7A5A5D0E17}.Debug|Any CPU.ActiveCfg = Debug|x86
		{E72DC2C5-DE14-4195-A8DE-DB7A5A5D0E17}.Debug|Mixed Platforms.ActiveCfg = Debug|x86
		{E72DC2C5-DE14-4195-A8DE-DB7A5A5D0E17}.Debug|Mixed Platforms.Build.0 = Debug|x86
		{E72DC2C5-DE14-4195-A8DE-DB7A5A5D0E17}.Debug|x86.ActiveCfg = Debug|x86
		{E72DC2C5-DE14-4195-A8DE-DB7A5A5D0E17}.Debug|x86.Build.0 = Debug|x86
		{E72DC2C5-DE14-4195-A8DE-DB7A5A5D0E17}.iOS|Any CPU.ActiveCfg = Release|x86
		{E72DC2C5-DE14-4195-A8DE-DB7A5A5D0E17}.iOS|Mixed Platforms.ActiveCfg = Release|x86
		{E72DC2C5-DE14-4195-A8DE-DB7A5A5D0E17}.iOS|Mixed Platforms.Build.0 = Release|x86
		{E72DC2C5-DE14-4195-A8DE-DB7A5A5D0E17}.iOS|x86.ActiveCfg = Release|x86
		{E72DC2C5-DE14-4195-A8DE-DB7A5A5D0E17}.iOS|x86.Build.0 = Release|x86
		{E72DC2C5-DE14-4195-A8DE-DB7A5A5D0E17}.Linux|Any CPU.ActiveCfg = Release|x86
		{E72DC2C5-DE14-4195-A8DE-DB7A5A5D0E17}.Linux|Mixed Platforms.ActiveCfg = Release|x86
		{E72DC2C5-DE14-4195-A8DE-DB7A5A5D0E17}.Linux|Mixed Platforms.Build.0 = Release|x86
		{E72DC2C5-DE14-4195-A8DE-DB7A5A5D0E17}.Linux|x86.ActiveCfg = Release|x86
		{E72DC2C5-DE14-4195-A8DE-DB7A5A5D0E17}.Linux|x86.Build.0 = Release|x86
		{E72DC2C5-DE14-4195-A8DE-DB7A5A5D0E17}.OSX|Any CPU.ActiveCfg = Release|x86
		{E72DC2C5-DE14-4195-A8DE-DB7A5A5D0E17}.OSX|Mixed Platforms.ActiveCfg = Release|x86
		{E72DC2C5-DE14-4195-A8DE-DB7A5A5D0E17}.OSX|Mixed Platforms.Build.0 = Release|x86
		{E72DC2C5-DE14-4195-A8DE-DB7A5A5D0E17}.OSX|x86.ActiveCfg = Release|x86
		{E72DC2C5-DE14-4195-A8DE-DB7A5A5D0E17}.OSX|x86.Build.0 = Release|x86
		{E72DC2C5-DE14-4195-A8DE-DB7A5A5D0E17}.PSM|Any CPU.ActiveCfg = Release|x86
		{E72DC2C5-DE14-4195-A8DE-DB7A5A5D0E17}.PSM|Mixed Platforms.ActiveCfg = Release|x86
		{E72DC2C5-DE14-4195-A8DE-DB7A5A5D0E17}.PSM|Mixed Platforms.Build.0 = Release|x86
		{E72DC2C5-DE14-4195-A8DE-DB7A5A5D0E17}.PSM|x86.ActiveCfg = Release|x86
		{E72DC2C5-DE14-4195-A8DE-DB7A5A5D0E17}.PSM|x86.Build.0 = Release|x86
		{E72DC2C5-DE14-4195-A8DE-DB7A5A5D0E17}.Release|Any CPU.ActiveCfg = Release|x86
		{E72DC2C5-DE14-4195-A8DE-DB7A5A5D0E17}.Release|Mixed Platforms.ActiveCfg = Release|x86
		{E72DC2C5-DE14-4195-A8DE-DB7A5A5D0E17}.Release|Mixed Platforms.Build.0 = Release|x86
		{E72DC2C5-DE14-4195-A8DE-DB7A5A5D0E17}.Release|x86.ActiveCfg = Release|x86
		{E72DC2C5-DE14-4195-A8DE-DB7A5A5D0E17}.Release|x86.Build.0 = Release|x86
		{E72DC2C5-DE14-4195-A8DE-DB7A5A5D0E17}.Windows|Any CPU.ActiveCfg = Release|x86
		{E72DC2C5-DE14-4195-A8DE-DB7A5A5D0E17}.Windows|Mixed Platforms.ActiveCfg = Release|x86
		{E72DC2C5-DE14-4195-A8DE-DB7A5A5D0E17}.Windows|Mixed Platforms.Build.0 = Release|x86
		{E72DC2C5-DE14-4195-A8DE-DB7A5A5D0E17}.Windows|x86.ActiveCfg = Release|x86
		{E72DC2C5-DE14-4195-A8DE-DB7A5A5D0E17}.Windows|x86.Build.0 = Release|x86
		{E72DC2C5-DE14-4195-A8DE-DB7A5A5D0E17}.Windows8|Any CPU.ActiveCfg = Release|x86
		{E72DC2C5-DE14-4195-A8DE-DB7A5A5D0E17}.Windows8|Mixed Platforms.ActiveCfg = Release|x86
		{E72DC2C5-DE14-4195-A8DE-DB7A5A5D0E17}.Windows8|Mixed Platforms.Build.0 = Release|x86
		{E72DC2C5-DE14-4195-A8DE-DB7A5A5D0E17}.Windows8|x86.ActiveCfg = Release|x86
		{E72DC2C5-DE14-4195-A8DE-DB7A5A5D0E17}.Windows8|x86.Build.0 = Release|x86
		{9144F4A8-FEB8-4E82-A9F9-D5E6D4A51E84}.Android|Any CPU.ActiveCfg = Android|Any CPU
		{9144F4A8-FEB8-4E82-A9F9-D5E6D4A51E84}.Android|Any CPU.Build.0 = Android|Any CPU
		{9144F4A8-FEB8-4E82-A9F9-D5E6D4A51E84}.Android|Mixed Platforms.ActiveCfg = Android|Any CPU
		{9144F4A8-FEB8-4E82-A9F9-D5E6D4A51E84}.Android|Mixed Platforms.Build.0 = Android|Any CPU
		{9144F4A8-FEB8-4E82-A9F9-D5E6D4A51E84}.Android|x86.ActiveCfg = Android|Any CPU
		{9144F4A8-FEB8-4E82-A9F9-D5E6D4A51E84}.Debug|Any CPU.ActiveCfg = PSM|Any CPU
		{9144F4A8-FEB8-4E82-A9F9-D5E6D4A51E84}.Debug|Any CPU.Build.0 = PSM|Any CPU
		{9144F4A8-FEB8-4E82-A9F9-D5E6D4A51E84}.Debug|Mixed Platforms.ActiveCfg = PSM|Any CPU
		{9144F4A8-FEB8-4E82-A9F9-D5E6D4A51E84}.Debug|Mixed Platforms.Build.0 = PSM|Any CPU
		{9144F4A8-FEB8-4E82-A9F9-D5E6D4A51E84}.Debug|x86.ActiveCfg = PSM|Any CPU
		{9144F4A8-FEB8-4E82-A9F9-D5E6D4A51E84}.iOS|Any CPU.ActiveCfg = iOS|Any CPU
		{9144F4A8-FEB8-4E82-A9F9-D5E6D4A51E84}.iOS|Any CPU.Build.0 = iOS|Any CPU
		{9144F4A8-FEB8-4E82-A9F9-D5E6D4A51E84}.iOS|Mixed Platforms.ActiveCfg = iOS|Any CPU
		{9144F4A8-FEB8-4E82-A9F9-D5E6D4A51E84}.iOS|Mixed Platforms.Build.0 = iOS|Any CPU
		{9144F4A8-FEB8-4E82-A9F9-D5E6D4A51E84}.iOS|x86.ActiveCfg = iOS|Any CPU
		{9144F4A8-FEB8-4E82-A9F9-D5E6D4A51E84}.Linux|Any CPU.ActiveCfg = Linux|Any CPU
		{9144F4A8-FEB8-4E82-A9F9-D5E6D4A51E84}.Linux|Any CPU.Build.0 = Linux|Any CPU
		{9144F4A8-FEB8-4E82-A9F9-D5E6D4A51E84}.Linux|Mixed Platforms.ActiveCfg = Linux|Any CPU
		{9144F4A8-FEB8-4E82-A9F9-D5E6D4A51E84}.Linux|Mixed Platforms.Build.0 = Linux|Any CPU
		{9144F4A8-FEB8-4E82-A9F9-D5E6D4A51E84}.Linux|x86.ActiveCfg = Linux|Any CPU
		{9144F4A8-FEB8-4E82-A9F9-D5E6D4A51E84}.OSX|Any CPU.ActiveCfg = OSX|Any CPU
		{9144F4A8-FEB8-4E82-A9F9-D5E6D4A51E84}.OSX|Any CPU.Build.0 = OSX|Any CPU
		{9144F4A8-FEB8-4E82-A9F9-D5E6D4A51E84}.OSX|Mixed Platforms.ActiveCfg = OSX|Any CPU
		{9144F4A8-FEB8-4E82-A9F9-D5E6D4A51E84}.OSX|Mixed Platforms.Build.0 = OSX|Any CPU
		{9144F4A8-FEB8-4E82-A9F9-D5E6D4A51E84}.OSX|x86.ActiveCfg = OSX|Any CPU
		{9144F4A8-FEB8-4E82-A9F9-D5E6D4A51E84}.PSM|Any CPU.ActiveCfg = PSM|Any CPU
		{9144F4A8-FEB8-4E82-A9F9-D5E6D4A51E84}.PSM|Any CPU.Build.0 = PSM|Any CPU
		{9144F4A8-FEB8-4E82-A9F9-D5E6D4A51E84}.PSM|Mixed Platforms.ActiveCfg = PSM|Any CPU
		{9144F4A8-FEB8-4E82-A9F9-D5E6D4A51E84}.PSM|Mixed Platforms.Build.0 = PSM|Any CPU
		{9144F4A8-FEB8-4E82-A9F9-D5E6D4A51E84}.PSM|x86.ActiveCfg = PSM|Any CPU
		{9144F4A8-FEB8-4E82-A9F9-D5E6D4A51E84}.Release|Any CPU.ActiveCfg = PSM|Any CPU
		{9144F4A8-FEB8-4E82-A9F9-D5E6D4A51E84}.Release|Any CPU.Build.0 = PSM|Any CPU
		{9144F4A8-FEB8-4E82-A9F9-D5E6D4A51E84}.Release|Mixed Platforms.ActiveCfg = PSM|Any CPU
		{9144F4A8-FEB8-4E82-A9F9-D5E6D4A51E84}.Release|Mixed Platforms.Build.0 = PSM|Any CPU
		{9144F4A8-FEB8-4E82-A9F9-D5E6D4A51E84}.Release|x86.ActiveCfg = PSM|Any CPU
		{9144F4A8-FEB8-4E82-A9F9-D5E6D4A51E84}.Windows|Any CPU.ActiveCfg = Windows|Any CPU
		{9144F4A8-FEB8-4E82-A9F9-D5E6D4A51E84}.Windows|Any CPU.Build.0 = Windows|Any CPU
		{9144F4A8-FEB8-4E82-A9F9-D5E6D4A51E84}.Windows|Mixed Platforms.ActiveCfg = Windows|Any CPU
		{9144F4A8-FEB8-4E82-A9F9-D5E6D4A51E84}.Windows|Mixed Platforms.Build.0 = Windows|Any CPU
		{9144F4A8-FEB8-4E82-A9F9-D5E6D4A51E84}.Windows|x86.ActiveCfg = Windows|Any CPU
		{9144F4A8-FEB8-4E82-A9F9-D5E6D4A51E84}.Windows8|Any CPU.ActiveCfg = Windows8|Any CPU
		{9144F4A8-FEB8-4E82-A9F9-D5E6D4A51E84}.Windows8|Any CPU.Build.0 = Windows8|Any CPU
		{9144F4A8-FEB8-4E82-A9F9-D5E6D4A51E84}.Windows8|Mixed Platforms.ActiveCfg = Windows8|Any CPU
		{9144F4A8-FEB8-4E82-A9F9-D5E6D4A51E84}.Windows8|Mixed Platforms.Build.0 = Windows8|Any CPU
		{9144F4A8-FEB8-4E82-A9F9-D5E6D4A51E84}.Windows8|x86.ActiveCfg = Windows8|Any CPU
		{E7ECC28E-B499-4B0D-8E8F-EA49B95E1DC0}.Android|Any CPU.ActiveCfg = Android|Any CPU
		{E7ECC28E-B499-4B0D-8E8F-EA49B95E1DC0}.Android|Mixed Platforms.ActiveCfg = Android|Any CPU
		{E7ECC28E-B499-4B0D-8E8F-EA49B95E1DC0}.Android|x86.ActiveCfg = Android|Any CPU
		{E7ECC28E-B499-4B0D-8E8F-EA49B95E1DC0}.Debug|Any CPU.ActiveCfg = PSM|Any CPU
		{E7ECC28E-B499-4B0D-8E8F-EA49B95E1DC0}.Debug|Mixed Platforms.ActiveCfg = PSM|Any CPU
		{E7ECC28E-B499-4B0D-8E8F-EA49B95E1DC0}.Debug|x86.ActiveCfg = PSM|Any CPU
		{E7ECC28E-B499-4B0D-8E8F-EA49B95E1DC0}.iOS|Any CPU.ActiveCfg = iOS|Any CPU
		{E7ECC28E-B499-4B0D-8E8F-EA49B95E1DC0}.iOS|Mixed Platforms.ActiveCfg = iOS|Any CPU
		{E7ECC28E-B499-4B0D-8E8F-EA49B95E1DC0}.iOS|x86.ActiveCfg = iOS|Any CPU
		{E7ECC28E-B499-4B0D-8E8F-EA49B95E1DC0}.Linux|Any CPU.ActiveCfg = Linux|Any CPU
		{E7ECC28E-B499-4B0D-8E8F-EA49B95E1DC0}.Linux|Mixed Platforms.ActiveCfg = Linux|Any CPU
		{E7ECC28E-B499-4B0D-8E8F-EA49B95E1DC0}.Linux|x86.ActiveCfg = Linux|Any CPU
		{E7ECC28E-B499-4B0D-8E8F-EA49B95E1DC0}.OSX|Any CPU.ActiveCfg = OSX|Any CPU
		{E7ECC28E-B499-4B0D-8E8F-EA49B95E1DC0}.OSX|Mixed Platforms.ActiveCfg = OSX|Any CPU
		{E7ECC28E-B499-4B0D-8E8F-EA49B95E1DC0}.OSX|x86.ActiveCfg = OSX|Any CPU
		{E7ECC28E-B499-4B0D-8E8F-EA49B95E1DC0}.PSM|Any CPU.ActiveCfg = PSM|Any CPU
		{E7ECC28E-B499-4B0D-8E8F-EA49B95E1DC0}.PSM|Mixed Platforms.ActiveCfg = PSM|Any CPU
		{E7ECC28E-B499-4B0D-8E8F-EA49B95E1DC0}.PSM|x86.ActiveCfg = PSM|Any CPU
		{E7ECC28E-B499-4B0D-8E8F-EA49B95E1DC0}.Release|Any CPU.ActiveCfg = PSM|Any CPU
		{E7ECC28E-B499-4B0D-8E8F-EA49B95E1DC0}.Release|Mixed Platforms.ActiveCfg = PSM|Any CPU
		{E7ECC28E-B499-4B0D-8E8F-EA49B95E1DC0}.Release|x86.ActiveCfg = PSM|Any CPU
		{E7ECC28E-B499-4B0D-8E8F-EA49B95E1DC0}.Windows|Any CPU.ActiveCfg = Windows|Any CPU
		{E7ECC28E-B499-4B0D-8E8F-EA49B95E1DC0}.Windows|Mixed Platforms.ActiveCfg = Windows|Any CPU
		{E7ECC28E-B499-4B0D-8E8F-EA49B95E1DC0}.Windows|x86.ActiveCfg = Windows|Any CPU
		{E7ECC28E-B499-4B0D-8E8F-EA49B95E1DC0}.Windows8|Any CPU.ActiveCfg = Windows8|Any CPU
		{E7ECC28E-B499-4B0D-8E8F-EA49B95E1DC0}.Windows8|Mixed Platforms.ActiveCfg = Windows8|Any CPU
		{E7ECC28E-B499-4B0D-8E8F-EA49B95E1DC0}.Windows8|x86.ActiveCfg = Windows8|Any CPU
		{7AD383D7-C8DC-46C9-8BA3-A1EF5ABE758C}.Android|Any CPU.ActiveCfg = Release|x86
		{7AD383D7-C8DC-46C9-8BA3-A1EF5ABE758C}.Android|Mixed Platforms.ActiveCfg = Release|x86
		{7AD383D7-C8DC-46C9-8BA3-A1EF5ABE758C}.Android|Mixed Platforms.Build.0 = Release|x86
		{7AD383D7-C8DC-46C9-8BA3-A1EF5ABE758C}.Android|x86.ActiveCfg = Release|x86
		{7AD383D7-C8DC-46C9-8BA3-A1EF5ABE758C}.Android|x86.Build.0 = Release|x86
		{7AD383D7-C8DC-46C9-8BA3-A1EF5ABE758C}.Debug|Any CPU.ActiveCfg = Debug|x86
		{7AD383D7-C8DC-46C9-8BA3-A1EF5ABE758C}.Debug|Mixed Platforms.ActiveCfg = Debug|x86
		{7AD383D7-C8DC-46C9-8BA3-A1EF5ABE758C}.Debug|Mixed Platforms.Build.0 = Debug|x86
		{7AD383D7-C8DC-46C9-8BA3-A1EF5ABE758C}.Debug|x86.ActiveCfg = Debug|x86
		{7AD383D7-C8DC-46C9-8BA3-A1EF5ABE758C}.Debug|x86.Build.0 = Debug|x86
		{7AD383D7-C8DC-46C9-8BA3-A1EF5ABE758C}.iOS|Any CPU.ActiveCfg = Release|x86
		{7AD383D7-C8DC-46C9-8BA3-A1EF5ABE758C}.iOS|Mixed Platforms.ActiveCfg = Release|x86
		{7AD383D7-C8DC-46C9-8BA3-A1EF5ABE758C}.iOS|Mixed Platforms.Build.0 = Release|x86
		{7AD383D7-C8DC-46C9-8BA3-A1EF5ABE758C}.iOS|x86.ActiveCfg = Release|x86
		{7AD383D7-C8DC-46C9-8BA3-A1EF5ABE758C}.iOS|x86.Build.0 = Release|x86
		{7AD383D7-C8DC-46C9-8BA3-A1EF5ABE758C}.Linux|Any CPU.ActiveCfg = Release|x86
		{7AD383D7-C8DC-46C9-8BA3-A1EF5ABE758C}.Linux|Mixed Platforms.ActiveCfg = Release|x86
		{7AD383D7-C8DC-46C9-8BA3-A1EF5ABE758C}.Linux|Mixed Platforms.Build.0 = Release|x86
		{7AD383D7-C8DC-46C9-8BA3-A1EF5ABE758C}.Linux|x86.ActiveCfg = Release|x86
		{7AD383D7-C8DC-46C9-8BA3-A1EF5ABE758C}.Linux|x86.Build.0 = Release|x86
		{7AD383D7-C8DC-46C9-8BA3-A1EF5ABE758C}.OSX|Any CPU.ActiveCfg = Release|x86
		{7AD383D7-C8DC-46C9-8BA3-A1EF5ABE758C}.OSX|Mixed Platforms.ActiveCfg = Release|x86
		{7AD383D7-C8DC-46C9-8BA3-A1EF5ABE758C}.OSX|Mixed Platforms.Build.0 = Release|x86
		{7AD383D7-C8DC-46C9-8BA3-A1EF5ABE758C}.OSX|x86.ActiveCfg = Release|x86
		{7AD383D7-C8DC-46C9-8BA3-A1EF5ABE758C}.OSX|x86.Build.0 = Release|x86
		{7AD383D7-C8DC-46C9-8BA3-A1EF5ABE758C}.PSM|Any CPU.ActiveCfg = Release|x86
		{7AD383D7-C8DC-46C9-8BA3-A1EF5ABE758C}.PSM|Mixed Platforms.ActiveCfg = Release|x86
		{7AD383D7-C8DC-46C9-8BA3-A1EF5ABE758C}.PSM|Mixed Platforms.Build.0 = Release|x86
		{7AD383D7-C8DC-46C9-8BA3-A1EF5ABE758C}.PSM|x86.ActiveCfg = Release|x86
		{7AD383D7-C8DC-46C9-8BA3-A1EF5ABE758C}.PSM|x86.Build.0 = Release|x86
		{7AD383D7-C8DC-46C9-8BA3-A1EF5ABE758C}.Release|Any CPU.ActiveCfg = Release|x86
		{7AD383D7-C8DC-46C9-8BA3-A1EF5ABE758C}.Release|Mixed Platforms.ActiveCfg = Release|x86
		{7AD383D7-C8DC-46C9-8BA3-A1EF5ABE758C}.Release|Mixed Platforms.Build.0 = Release|x86
		{7AD383D7-C8DC-46C9-8BA3-A1EF5ABE758C}.Release|x86.ActiveCfg = Release|x86
		{7AD383D7-C8DC-46C9-8BA3-A1EF5ABE758C}.Release|x86.Build.0 = Release|x86
		{7AD383D7-C8DC-46C9-8BA3-A1EF5ABE758C}.Windows|Any CPU.ActiveCfg = Release|x86
		{7AD383D7-C8DC-46C9-8BA3-A1EF5ABE758C}.Windows|Mixed Platforms.ActiveCfg = Release|x86
		{7AD383D7-C8DC-46C9-8BA3-A1EF5ABE758C}.Windows|Mixed Platforms.Build.0 = Release|x86
		{7AD383D7-C8DC-46C9-8BA3-A1EF5ABE758C}.Windows|x86.ActiveCfg = Release|x86
		{7AD383D7-C8DC-46C9-8BA3-A1EF5ABE758C}.Windows|x86.Build.0 = Release|x86
		{7AD383D7-C8DC-46C9-8BA3-A1EF5ABE758C}.Windows8|Any CPU.ActiveCfg = Release|x86
		{7AD383D7-C8DC-46C9-8BA3-A1EF5ABE758C}.Windows8|Mixed Platforms.ActiveCfg = Release|x86
		{7AD383D7-C8DC-46C9-8BA3-A1EF5ABE758C}.Windows8|Mixed Platforms.Build.0 = Release|x86
		{7AD383D7-C8DC-46C9-8BA3-A1EF5ABE758C}.Windows8|x86.ActiveCfg = Release|x86
		{7AD383D7-C8DC-46C9-8BA3-A1EF5ABE758C}.Windows8|x86.Build.0 = Release|x86
	EndGlobalSection
	GlobalSection(SolutionProperties) = preSolution
		HideSolutionNode = FALSE
	EndGlobalSection
EndGlobal
